
Microsoft Visual Studio Solution File, Format Version 12.00
# Visual Studio Version 16
VisualStudioVersion = 16.0.29806.167
MinimumVisualStudioVersion = 10.0.40219.1
Project("{8BC9CEB8-8B4A-11D0-8D11-00A0C91BC942}") = "库函数的模拟实现", "库函数的模拟实现.vcxproj", "{63EF24A1-5F78-40E8-BACD-D05D71CDC473}"
EndProject
Global
	GlobalSection(SolutionConfigurationPlatforms) = preSolution
		Debug|x64 = Debug|x64
		Debug|x86 = Debug|x86
		Release|x64 = Release|x64
		Release|x86 = Release|x86
	EndGlobalSection
	GlobalSection(ProjectConfigurationPlatforms) = postSolution
		{63EF24A1-5F78-40E8-BACD-D05D71CDC473}.Debug|x64.ActiveCfg = Debug|x64
		{63EF24A1-5F78-40E8-BACD-D05D71CDC473}.Debug|x64.Build.0 = Debug|x64
		{63EF24A1-5F78-40E8-BACD-D05D71CDC473}.Debug|x86.ActiveCfg = Debug|Win32
		{63EF24A1-5F78-40E8-BACD-D05D71CDC473}.Debug|x86.Build.0 = Debug|Win32
		{63EF24A1-5F78-40E8-BACD-D05D71CDC473}.Release|x64.ActiveCfg = Release|x64
		{63EF24A1-5F78-40E8-BACD-D05D71CDC473}.Release|x64.Build.0 = Release|x64
		{63EF24A1-5F78-40E8-BACD-D05D71CDC473}.Release|x86.ActiveCfg = Release|Win32
		{63EF24A1-5F78-40E8-BACD-D05D71CDC473}.Release|x86.Build.0 = Release|Win32
	EndGlobalSection
	GlobalSection(SolutionProperties) = preSolution
		HideSolutionNode = FALSE
	EndGlobalSection
	GlobalSection(ExtensibilityGlobals) = postSolution
		SolutionGuid = {EB17DFDE-F35A-491D-BDC2-5074F916918E}
	EndGlobalSection
EndGlobal
