
Microsoft Visual Studio Solution File, Format Version 12.00
# Visual Studio Version 16
VisualStudioVersion = 16.0.29806.167
MinimumVisualStudioVersion = 10.0.40219.1
Project("{8BC9CEB8-8B4A-11D0-8D11-00A0C91BC942}") = "删除链表的倒数的第n个节点", "删除链表的倒数的第n个节点.vcxproj", "{1FD04ED4-8727-4672-BB72-F27AF7E66823}"
EndProject
Global
	GlobalSection(SolutionConfigurationPlatforms) = preSolution
		Debug|x64 = Debug|x64
		Debug|x86 = Debug|x86
		Release|x64 = Release|x64
		Release|x86 = Release|x86
	EndGlobalSection
	GlobalSection(ProjectConfigurationPlatforms) = postSolution
		{1FD04ED4-8727-4672-BB72-F27AF7E66823}.Debug|x64.ActiveCfg = Debug|x64
		{1FD04ED4-8727-4672-BB72-F27AF7E66823}.Debug|x64.Build.0 = Debug|x64
		{1FD04ED4-8727-4672-BB72-F27AF7E66823}.Debug|x86.ActiveCfg = Debug|Win32
		{1FD04ED4-8727-4672-BB72-F27AF7E66823}.Debug|x86.Build.0 = Debug|Win32
		{1FD04ED4-8727-4672-BB72-F27AF7E66823}.Release|x64.ActiveCfg = Release|x64
		{1FD04ED4-8727-4672-BB72-F27AF7E66823}.Release|x64.Build.0 = Release|x64
		{1FD04ED4-8727-4672-BB72-F27AF7E66823}.Release|x86.ActiveCfg = Release|Win32
		{1FD04ED4-8727-4672-BB72-F27AF7E66823}.Release|x86.Build.0 = Release|Win32
	EndGlobalSection
	GlobalSection(SolutionProperties) = preSolution
		HideSolutionNode = FALSE
	EndGlobalSection
	GlobalSection(ExtensibilityGlobals) = postSolution
		SolutionGuid = {7D5DFBAF-103A-475D-A9E8-BDD0952C75B7}
	EndGlobalSection
EndGlobal
