
Microsoft Visual Studio Solution File, Format Version 12.00
# Visual Studio Version 16
VisualStudioVersion = 16.0.29806.167
MinimumVisualStudioVersion = 10.0.40219.1
Project("{8BC9CEB8-8B4A-11D0-8D11-00A0C91BC942}") = "内存管理", "内存管理.vcxproj", "{83046A9F-2EBB-4DEF-A8F4-4C2A4343AE7F}"
EndProject
Global
	GlobalSection(SolutionConfigurationPlatforms) = preSolution
		Debug|x64 = Debug|x64
		Debug|x86 = Debug|x86
		Release|x64 = Release|x64
		Release|x86 = Release|x86
	EndGlobalSection
	GlobalSection(ProjectConfigurationPlatforms) = postSolution
		{83046A9F-2EBB-4DEF-A8F4-4C2A4343AE7F}.Debug|x64.ActiveCfg = Debug|x64
		{83046A9F-2EBB-4DEF-A8F4-4C2A4343AE7F}.Debug|x64.Build.0 = Debug|x64
		{83046A9F-2EBB-4DEF-A8F4-4C2A4343AE7F}.Debug|x86.ActiveCfg = Debug|Win32
		{83046A9F-2EBB-4DEF-A8F4-4C2A4343AE7F}.Debug|x86.Build.0 = Debug|Win32
		{83046A9F-2EBB-4DEF-A8F4-4C2A4343AE7F}.Release|x64.ActiveCfg = Release|x64
		{83046A9F-2EBB-4DEF-A8F4-4C2A4343AE7F}.Release|x64.Build.0 = Release|x64
		{83046A9F-2EBB-4DEF-A8F4-4C2A4343AE7F}.Release|x86.ActiveCfg = Release|Win32
		{83046A9F-2EBB-4DEF-A8F4-4C2A4343AE7F}.Release|x86.Build.0 = Release|Win32
	EndGlobalSection
	GlobalSection(SolutionProperties) = preSolution
		HideSolutionNode = FALSE
	EndGlobalSection
	GlobalSection(ExtensibilityGlobals) = postSolution
		SolutionGuid = {80109B37-5AA3-44CE-8BD8-3431C2B5234C}
	EndGlobalSection
EndGlobal
