
Microsoft Visual Studio Solution File, Format Version 12.00
# Visual Studio Version 16
VisualStudioVersion = 16.0.29806.167
MinimumVisualStudioVersion = 10.0.40219.1
Project("{8BC9CEB8-8B4A-11D0-8D11-00A0C91BC942}") = "组队竞赛-删除公共字符", "组队竞赛-删除公共字符.vcxproj", "{0A82B02A-E01D-44D4-AFA3-910940BE87F5}"
EndProject
Global
	GlobalSection(SolutionConfigurationPlatforms) = preSolution
		Debug|x64 = Debug|x64
		Debug|x86 = Debug|x86
		Release|x64 = Release|x64
		Release|x86 = Release|x86
	EndGlobalSection
	GlobalSection(ProjectConfigurationPlatforms) = postSolution
		{0A82B02A-E01D-44D4-AFA3-910940BE87F5}.Debug|x64.ActiveCfg = Debug|x64
		{0A82B02A-E01D-44D4-AFA3-910940BE87F5}.Debug|x64.Build.0 = Debug|x64
		{0A82B02A-E01D-44D4-AFA3-910940BE87F5}.Debug|x86.ActiveCfg = Debug|Win32
		{0A82B02A-E01D-44D4-AFA3-910940BE87F5}.Debug|x86.Build.0 = Debug|Win32
		{0A82B02A-E01D-44D4-AFA3-910940BE87F5}.Release|x64.ActiveCfg = Release|x64
		{0A82B02A-E01D-44D4-AFA3-910940BE87F5}.Release|x64.Build.0 = Release|x64
		{0A82B02A-E01D-44D4-AFA3-910940BE87F5}.Release|x86.ActiveCfg = Release|Win32
		{0A82B02A-E01D-44D4-AFA3-910940BE87F5}.Release|x86.Build.0 = Release|Win32
	EndGlobalSection
	GlobalSection(SolutionProperties) = preSolution
		HideSolutionNode = FALSE
	EndGlobalSection
	GlobalSection(ExtensibilityGlobals) = postSolution
		SolutionGuid = {FB293832-7EBF-46A2-9768-56D8A6E4931A}
	EndGlobalSection
EndGlobal
