
Microsoft Visual Studio Solution File, Format Version 12.00
# Visual Studio Version 16
VisualStudioVersion = 16.0.29806.167
MinimumVisualStudioVersion = 10.0.40219.1
Project("{8BC9CEB8-8B4A-11D0-8D11-00A0C91BC942}") = "day37 字符串计数-最长公共子序列", "day37 字符串计数-最长公共子序列.vcxproj", "{095FA1F9-A3D8-4A91-AC88-1533FC4EBA19}"
EndProject
Global
	GlobalSection(SolutionConfigurationPlatforms) = preSolution
		Debug|x64 = Debug|x64
		Debug|x86 = Debug|x86
		Release|x64 = Release|x64
		Release|x86 = Release|x86
	EndGlobalSection
	GlobalSection(ProjectConfigurationPlatforms) = postSolution
		{095FA1F9-A3D8-4A91-AC88-1533FC4EBA19}.Debug|x64.ActiveCfg = Debug|x64
		{095FA1F9-A3D8-4A91-AC88-1533FC4EBA19}.Debug|x64.Build.0 = Debug|x64
		{095FA1F9-A3D8-4A91-AC88-1533FC4EBA19}.Debug|x86.ActiveCfg = Debug|Win32
		{095FA1F9-A3D8-4A91-AC88-1533FC4EBA19}.Debug|x86.Build.0 = Debug|Win32
		{095FA1F9-A3D8-4A91-AC88-1533FC4EBA19}.Release|x64.ActiveCfg = Release|x64
		{095FA1F9-A3D8-4A91-AC88-1533FC4EBA19}.Release|x64.Build.0 = Release|x64
		{095FA1F9-A3D8-4A91-AC88-1533FC4EBA19}.Release|x86.ActiveCfg = Release|Win32
		{095FA1F9-A3D8-4A91-AC88-1533FC4EBA19}.Release|x86.Build.0 = Release|Win32
	EndGlobalSection
	GlobalSection(SolutionProperties) = preSolution
		HideSolutionNode = FALSE
	EndGlobalSection
	GlobalSection(ExtensibilityGlobals) = postSolution
		SolutionGuid = {BAC77367-3623-436D-B4F8-A109F2F19EE3}
	EndGlobalSection
EndGlobal
